
Microsoft Visual Studio Solution File, Format Version 12.00
# Visual Studio Version 16
VisualStudioVersion = 16.0.32002.261
MinimumVisualStudioVersion = 10.0.40219.1
Project("{888888A0-9F3D-457C-B088-3A5042F75D52}") = "Python File IO", "Python File IO.pyproj", "{C58B5D6D-5424-4180-9684-A86E6513CBBA}"
EndProject
Global
	GlobalSection(SolutionConfigurationPlatforms) = preSolution
		Debug|Any CPU = Debug|Any CPU
		Release|Any CPU = Release|Any CPU
	EndGlobalSection
	GlobalSection(ProjectConfigurationPlatforms) = postSolution
		{C58B5D6D-5424-4180-9684-A86E6513CBBA}.Debug|Any CPU.ActiveCfg = Debug|Any CPU
		{C58B5D6D-5424-4180-9684-A86E6513CBBA}.Release|Any CPU.ActiveCfg = Release|Any CPU
	EndGlobalSection
	GlobalSection(SolutionProperties) = preSolution
		HideSolutionNode = FALSE
	EndGlobalSection
	GlobalSection(ExtensibilityGlobals) = postSolution
		SolutionGuid = {278C8502-3F26-4ED5-AFAC-2DF659D9C886}
	EndGlobalSection
EndGlobal
